{
  "version": "4",
  "specifiers": {
    "npm:zod@^3.24.2": "3.24.2"
  },
  "npm": {
    "zod@3.24.2": {
      "integrity": "sha512-lY7CDW43ECgW9u1TcT3IoXHflywfVqDYze4waEz812jR/bZ8FHDsl7pFQoSZTz5N+2NqRXs8GBwnAwo3ZNxqhQ=="
    }
  },
  "workspace": {
    "members": {
      "domain": {
        "dependencies": [
          "npm:zod@^3.24.2"
        ]
      }
    }
  }
}
